
Microsoft Visual Studio Solution File, Format Version 12.00
# Visual Studio Version 17
VisualStudioVersion = 17.6.33829.357
MinimumVisualStudioVersion = 10.0.40219.1
Project("{FAE04EC0-301F-11D3-BF4B-00C04F79EFBC}") = "Project59", "Project59\Project59.csproj", "{E59644F8-F178-494A-A121-6C793B67F1A4}"
EndProject
Global
	GlobalSection(SolutionConfigurationPlatforms) = preSolution
		Debug|Any CPU = Debug|Any CPU
		Release|Any CPU = Release|Any CPU
	EndGlobalSection
	GlobalSection(ProjectConfigurationPlatforms) = postSolution
		{E59644F8-F178-494A-A121-6C793B67F1A4}.Debug|Any CPU.ActiveCfg = Debug|Any CPU
		{E59644F8-F178-494A-A121-6C793B67F1A4}.Debug|Any CPU.Build.0 = Debug|Any CPU
		{E59644F8-F178-494A-A121-6C793B67F1A4}.Release|Any CPU.ActiveCfg = Release|Any CPU
		{E59644F8-F178-494A-A121-6C793B67F1A4}.Release|Any CPU.Build.0 = Release|Any CPU
	EndGlobalSection
	GlobalSection(SolutionProperties) = preSolution
		HideSolutionNode = FALSE
	EndGlobalSection
	GlobalSection(ExtensibilityGlobals) = postSolution
		SolutionGuid = {8061B31D-B6A2-414A-85A4-E7F537197CAD}
	EndGlobalSection
EndGlobal
